
Microsoft Visual Studio Solution File, Format Version 12.00
# Visual Studio 15
VisualStudioVersion = 15.0.28307.329
MinimumVisualStudioVersion = 10.0.40219.1
Project("{FAE04EC0-301F-11D3-BF4B-00C04F79EFBC}") = "Data", "Data\Data.csproj", "{DAF13B1D-EBB6-40BB-B17B-DFB15A8E500D}"
EndProject
Project("{FAE04EC0-301F-11D3-BF4B-00C04F79EFBC}") = "Business", "Business\Business.csproj", "{B48AC994-A18A-4EF6-B2CC-EDEAE9EFDB57}"
EndProject
Project("{FAE04EC0-301F-11D3-BF4B-00C04F79EFBC}") = "ConsoleUIApp", "ConsoleUIApp\ConsoleUIApp.csproj", "{788AF437-876B-4FEE-AAD7-3A6B19FEFBC5}"
EndProject
Project("{FAE04EC0-301F-11D3-BF4B-00C04F79EFBC}") = "WindowsFormsApp", "WindowsFormsApp\WindowsFormsApp.csproj", "{9AA338EE-E384-4ACD-B4E3-C5A6E6F874F6}"
EndProject
Project("{9A19103F-16F7-4668-BE54-9A1E7A4F7556}") = "NUnitTests", "NUnitTests\NUnitTests.csproj", "{4CA46116-9B01-4087-A18A-555DAFCEDC0A}"
EndProject
Global
	GlobalSection(SolutionConfigurationPlatforms) = preSolution
		Debug|Any CPU = Debug|Any CPU
		Release|Any CPU = Release|Any CPU
	EndGlobalSection
	GlobalSection(ProjectConfigurationPlatforms) = postSolution
		{DAF13B1D-EBB6-40BB-B17B-DFB15A8E500D}.Debug|Any CPU.ActiveCfg = Debug|Any CPU
		{DAF13B1D-EBB6-40BB-B17B-DFB15A8E500D}.Debug|Any CPU.Build.0 = Debug|Any CPU
		{DAF13B1D-EBB6-40BB-B17B-DFB15A8E500D}.Release|Any CPU.ActiveCfg = Release|Any CPU
		{DAF13B1D-EBB6-40BB-B17B-DFB15A8E500D}.Release|Any CPU.Build.0 = Release|Any CPU
		{B48AC994-A18A-4EF6-B2CC-EDEAE9EFDB57}.Debug|Any CPU.ActiveCfg = Debug|Any CPU
		{B48AC994-A18A-4EF6-B2CC-EDEAE9EFDB57}.Debug|Any CPU.Build.0 = Debug|Any CPU
		{B48AC994-A18A-4EF6-B2CC-EDEAE9EFDB57}.Release|Any CPU.ActiveCfg = Release|Any CPU
		{B48AC994-A18A-4EF6-B2CC-EDEAE9EFDB57}.Release|Any CPU.Build.0 = Release|Any CPU
		{788AF437-876B-4FEE-AAD7-3A6B19FEFBC5}.Debug|Any CPU.ActiveCfg = Debug|Any CPU
		{788AF437-876B-4FEE-AAD7-3A6B19FEFBC5}.Debug|Any CPU.Build.0 = Debug|Any CPU
		{788AF437-876B-4FEE-AAD7-3A6B19FEFBC5}.Release|Any CPU.ActiveCfg = Release|Any CPU
		{788AF437-876B-4FEE-AAD7-3A6B19FEFBC5}.Release|Any CPU.Build.0 = Release|Any CPU
		{9AA338EE-E384-4ACD-B4E3-C5A6E6F874F6}.Debug|Any CPU.ActiveCfg = Debug|Any CPU
		{9AA338EE-E384-4ACD-B4E3-C5A6E6F874F6}.Debug|Any CPU.Build.0 = Debug|Any CPU
		{9AA338EE-E384-4ACD-B4E3-C5A6E6F874F6}.Release|Any CPU.ActiveCfg = Release|Any CPU
		{9AA338EE-E384-4ACD-B4E3-C5A6E6F874F6}.Release|Any CPU.Build.0 = Release|Any CPU
		{4CA46116-9B01-4087-A18A-555DAFCEDC0A}.Debug|Any CPU.ActiveCfg = Debug|Any CPU
		{4CA46116-9B01-4087-A18A-555DAFCEDC0A}.Debug|Any CPU.Build.0 = Debug|Any CPU
		{4CA46116-9B01-4087-A18A-555DAFCEDC0A}.Release|Any CPU.ActiveCfg = Release|Any CPU
		{4CA46116-9B01-4087-A18A-555DAFCEDC0A}.Release|Any CPU.Build.0 = Release|Any CPU
	EndGlobalSection
	GlobalSection(SolutionProperties) = preSolution
		HideSolutionNode = FALSE
	EndGlobalSection
	GlobalSection(ExtensibilityGlobals) = postSolution
		SolutionGuid = {6E22F5A1-7218-4C21-BF0A-D30F5E9310E8}
	EndGlobalSection
EndGlobal
